// !$*UTF8*$!
{
	archiveVersion = 1;
	classes = {
	};
	objectVersion = 46;
	objects = {

/* Begin PBXBuildFile section */
		6149B6BB1697CA1C007D5DF7 /* Foundation.framework in Frameworks */ = {isa = PBXBuildFile; fileRef = 6149B6BA1697CA1C007D5DF7 /* Foundation.framework */; };
		6149B6E41697CA3D007D5DF7 /* GCAlertView.m in Sources */ = {isa = PBXBuildFile; fileRef = 6149B6CA1697CA3D007D5DF7 /* GCAlertView.m */; };
		6149B6E51697CA3D007D5DF7 /* DDXMLElementAdditions.m in Sources */ = {isa = PBXBuildFile; fileRef = 6149B6CE1697CA3D007D5DF7 /* DDXMLElementAdditions.m */; };
		6149B6E61697CA3D007D5DF7 /* NSString+DDXML.m in Sources */ = {isa = PBXBuildFile; fileRef = 6149B6D11697CA3D007D5DF7 /* NSString+DDXML.m */; };
		6149B6E71697CA3D007D5DF7 /* DDXMLDocument.m in Sources */ = {isa = PBXBuildFile; fileRef = 6149B6D41697CA3D007D5DF7 /* DDXMLDocument.m */; };
		6149B6E81697CA3D007D5DF7 /* DDXMLElement.m in Sources */ = {isa = PBXBuildFile; fileRef = 6149B6D61697CA3D007D5DF7 /* DDXMLElement.m */; };
		6149B6E91697CA3D007D5DF7 /* DDXMLNode.m in Sources */ = {isa = PBXBuildFile; fileRef = 6149B6D81697CA3D007D5DF7 /* DDXMLNode.m */; };
		6149B6EA1697CA3D007D5DF7 /* EBNotice.m in Sources */ = {isa = PBXBuildFile; fileRef = 6149B6DD1697CA3D007D5DF7 /* EBNotice.m */; };
		6149B6EB1697CA3D007D5DF7 /* EBNotifier.m in Sources */ = {isa = PBXBuildFile; fileRef = 6149B6E01697CA3D007D5DF7 /* EBNotifier.m */; };
		6149B6EC1697CA3D007D5DF7 /* EBNotifierFunctions.m in Sources */ = {isa = PBXBuildFile; fileRef = 6149B6E31697CA3D007D5DF7 /* EBNotifierFunctions.m */; };
		61BDFFD61697EB7F0021E4FC /* GCAlertView.h in Headers */ = {isa = PBXBuildFile; fileRef = 6149B6C91697CA3D007D5DF7 /* GCAlertView.h */; settings = {ATTRIBUTES = (Public, ); }; };
		61BDFFD71697EB7F0021E4FC /* DDXMLElementAdditions.h in Headers */ = {isa = PBXBuildFile; fileRef = 6149B6CD1697CA3D007D5DF7 /* DDXMLElementAdditions.h */; settings = {ATTRIBUTES = (Public, ); }; };
		61BDFFD81697EB7F0021E4FC /* NSString+DDXML.h in Headers */ = {isa = PBXBuildFile; fileRef = 6149B6D01697CA3D007D5DF7 /* NSString+DDXML.h */; settings = {ATTRIBUTES = (Public, ); }; };
		61BDFFD91697EB7F0021E4FC /* DDXML.h in Headers */ = {isa = PBXBuildFile; fileRef = 6149B6D21697CA3D007D5DF7 /* DDXML.h */; settings = {ATTRIBUTES = (Public, ); }; };
		61BDFFDA1697EB7F0021E4FC /* DDXMLDocument.h in Headers */ = {isa = PBXBuildFile; fileRef = 6149B6D31697CA3D007D5DF7 /* DDXMLDocument.h */; settings = {ATTRIBUTES = (Public, ); }; };
		61BDFFDB1697EB7F0021E4FC /* DDXMLElement.h in Headers */ = {isa = PBXBuildFile; fileRef = 6149B6D51697CA3D007D5DF7 /* DDXMLElement.h */; settings = {ATTRIBUTES = (Public, ); }; };
		61BDFFDC1697EB7F0021E4FC /* DDXMLNode.h in Headers */ = {isa = PBXBuildFile; fileRef = 6149B6D71697CA3D007D5DF7 /* DDXMLNode.h */; settings = {ATTRIBUTES = (Public, ); }; };
		61BDFFDD1697EB7F0021E4FC /* EBNotice.h in Headers */ = {isa = PBXBuildFile; fileRef = 6149B6DC1697CA3D007D5DF7 /* EBNotice.h */; settings = {ATTRIBUTES = (Public, ); }; };
		61BDFFDE1697EB7F0021E4FC /* EBNotifier.h in Headers */ = {isa = PBXBuildFile; fileRef = 6149B6DF1697CA3D007D5DF7 /* EBNotifier.h */; settings = {ATTRIBUTES = (Public, ); }; };
		61BDFFDF1697EB7F0021E4FC /* EBNotifierDelegate.h in Headers */ = {isa = PBXBuildFile; fileRef = 6149B6E11697CA3D007D5DF7 /* EBNotifierDelegate.h */; settings = {ATTRIBUTES = (Public, ); }; };
		61BDFFE01697EB7F0021E4FC /* EBNotifierFunctions.h in Headers */ = {isa = PBXBuildFile; fileRef = 6149B6E21697CA3D007D5DF7 /* EBNotifierFunctions.h */; settings = {ATTRIBUTES = (Public, ); }; };
		61BDFFE11697EB8C0021E4FC /* DDXMLPrivate.h in Headers */ = {isa = PBXBuildFile; fileRef = 6149B6DA1697CA3D007D5DF7 /* DDXMLPrivate.h */; settings = {ATTRIBUTES = (Private, ); }; };
/* End PBXBuildFile section */

/* Begin PBXFileReference section */
		6149B6B71697CA1C007D5DF7 /* libErrbitNotifier.a */ = {isa = PBXFileReference; explicitFileType = archive.ar; includeInIndex = 0; path = libErrbitNotifier.a; sourceTree = BUILT_PRODUCTS_DIR; };
		6149B6BA1697CA1C007D5DF7 /* Foundation.framework */ = {isa = PBXFileReference; lastKnownFileType = wrapper.framework; name = Foundation.framework; path = System/Library/Frameworks/Foundation.framework; sourceTree = SDKROOT; };
		6149B6BE1697CA1C007D5DF7 /* ErrbitNotifier-Prefix.pch */ = {isa = PBXFileReference; lastKnownFileType = sourcecode.c.h; path = "ErrbitNotifier-Prefix.pch"; sourceTree = "<group>"; };
		6149B6C91697CA3D007D5DF7 /* GCAlertView.h */ = {isa = PBXFileReference; fileEncoding = 4; lastKnownFileType = sourcecode.c.h; path = GCAlertView.h; sourceTree = "<group>"; };
		6149B6CA1697CA3D007D5DF7 /* GCAlertView.m */ = {isa = PBXFileReference; fileEncoding = 4; lastKnownFileType = sourcecode.c.objc; path = GCAlertView.m; sourceTree = "<group>"; };
		6149B6CD1697CA3D007D5DF7 /* DDXMLElementAdditions.h */ = {isa = PBXFileReference; fileEncoding = 4; lastKnownFileType = sourcecode.c.h; path = DDXMLElementAdditions.h; sourceTree = "<group>"; };
		6149B6CE1697CA3D007D5DF7 /* DDXMLElementAdditions.m */ = {isa = PBXFileReference; fileEncoding = 4; lastKnownFileType = sourcecode.c.objc; path = DDXMLElementAdditions.m; sourceTree = "<group>"; };
		6149B6D01697CA3D007D5DF7 /* NSString+DDXML.h */ = {isa = PBXFileReference; fileEncoding = 4; lastKnownFileType = sourcecode.c.h; path = "NSString+DDXML.h"; sourceTree = "<group>"; };
		6149B6D11697CA3D007D5DF7 /* NSString+DDXML.m */ = {isa = PBXFileReference; fileEncoding = 4; lastKnownFileType = sourcecode.c.objc; path = "NSString+DDXML.m"; sourceTree = "<group>"; };
		6149B6D21697CA3D007D5DF7 /* DDXML.h */ = {isa = PBXFileReference; fileEncoding = 4; lastKnownFileType = sourcecode.c.h; path = DDXML.h; sourceTree = "<group>"; };
		6149B6D31697CA3D007D5DF7 /* DDXMLDocument.h */ = {isa = PBXFileReference; fileEncoding = 4; lastKnownFileType = sourcecode.c.h; path = DDXMLDocument.h; sourceTree = "<group>"; };
		6149B6D41697CA3D007D5DF7 /* DDXMLDocument.m */ = {isa = PBXFileReference; fileEncoding = 4; lastKnownFileType = sourcecode.c.objc; path = DDXMLDocument.m; sourceTree = "<group>"; };
		6149B6D51697CA3D007D5DF7 /* DDXMLElement.h */ = {isa = PBXFileReference; fileEncoding = 4; lastKnownFileType = sourcecode.c.h; path = DDXMLElement.h; sourceTree = "<group>"; };
		6149B6D61697CA3D007D5DF7 /* DDXMLElement.m */ = {isa = PBXFileReference; fileEncoding = 4; lastKnownFileType = sourcecode.c.objc; path = DDXMLElement.m; sourceTree = "<group>"; };
		6149B6D71697CA3D007D5DF7 /* DDXMLNode.h */ = {isa = PBXFileReference; fileEncoding = 4; lastKnownFileType = sourcecode.c.h; path = DDXMLNode.h; sourceTree = "<group>"; };
		6149B6D81697CA3D007D5DF7 /* DDXMLNode.m */ = {isa = PBXFileReference; fileEncoding = 4; lastKnownFileType = sourcecode.c.objc; path = DDXMLNode.m; sourceTree = "<group>"; };
		6149B6DA1697CA3D007D5DF7 /* DDXMLPrivate.h */ = {isa = PBXFileReference; fileEncoding = 4; lastKnownFileType = sourcecode.c.h; path = DDXMLPrivate.h; sourceTree = "<group>"; };
		6149B6DC1697CA3D007D5DF7 /* EBNotice.h */ = {isa = PBXFileReference; fileEncoding = 4; lastKnownFileType = sourcecode.c.h; path = EBNotice.h; sourceTree = "<group>"; };
		6149B6DD1697CA3D007D5DF7 /* EBNotice.m */ = {isa = PBXFileReference; fileEncoding = 4; lastKnownFileType = sourcecode.c.objc; path = EBNotice.m; sourceTree = "<group>"; };
		6149B6DF1697CA3D007D5DF7 /* EBNotifier.h */ = {isa = PBXFileReference; fileEncoding = 4; lastKnownFileType = sourcecode.c.h; path = EBNotifier.h; sourceTree = "<group>"; };
		6149B6E01697CA3D007D5DF7 /* EBNotifier.m */ = {isa = PBXFileReference; fileEncoding = 4; lastKnownFileType = sourcecode.c.objc; path = EBNotifier.m; sourceTree = "<group>"; };
		6149B6E11697CA3D007D5DF7 /* EBNotifierDelegate.h */ = {isa = PBXFileReference; fileEncoding = 4; lastKnownFileType = sourcecode.c.h; path = EBNotifierDelegate.h; sourceTree = "<group>"; };
		6149B6E21697CA3D007D5DF7 /* EBNotifierFunctions.h */ = {isa = PBXFileReference; fileEncoding = 4; lastKnownFileType = sourcecode.c.h; path = EBNotifierFunctions.h; sourceTree = "<group>"; };
		6149B6E31697CA3D007D5DF7 /* EBNotifierFunctions.m */ = {isa = PBXFileReference; fileEncoding = 4; lastKnownFileType = sourcecode.c.objc; path = EBNotifierFunctions.m; sourceTree = "<group>"; };
/* End PBXFileReference section */

/* Begin PBXFrameworksBuildPhase section */
		6149B6B41697CA1C007D5DF7 /* Frameworks */ = {
			isa = PBXFrameworksBuildPhase;
			buildActionMask = 2147483647;
			files = (
				6149B6BB1697CA1C007D5DF7 /* Foundation.framework in Frameworks */,
			);
			runOnlyForDeploymentPostprocessing = 0;
		};
/* End PBXFrameworksBuildPhase section */

/* Begin PBXGroup section */
		6149B6AE1697CA1C007D5DF7 = {
			isa = PBXGroup;
			children = (
				6149B6BC1697CA1C007D5DF7 /* ErrbitNotifier */,
				6149B6B91697CA1C007D5DF7 /* Frameworks */,
				6149B6B81697CA1C007D5DF7 /* Products */,
			);
			sourceTree = "<group>";
		};
		6149B6B81697CA1C007D5DF7 /* Products */ = {
			isa = PBXGroup;
			children = (
				6149B6B71697CA1C007D5DF7 /* libErrbitNotifier.a */,
			);
			name = Products;
			sourceTree = "<group>";
		};
		6149B6B91697CA1C007D5DF7 /* Frameworks */ = {
			isa = PBXGroup;
			children = (
				6149B6BA1697CA1C007D5DF7 /* Foundation.framework */,
			);
			name = Frameworks;
			sourceTree = "<group>";
		};
		6149B6BC1697CA1C007D5DF7 /* ErrbitNotifier */ = {
			isa = PBXGroup;
			children = (
				6149B6C81697CA3D007D5DF7 /* gcalertview */,
				6149B6CB1697CA3D007D5DF7 /* kissxml */,
				6149B6DB1697CA3D007D5DF7 /* notifier */,
				6149B6BD1697CA1C007D5DF7 /* Supporting Files */,
			);
			path = ErrbitNotifier;
			sourceTree = "<group>";
		};
		6149B6BD1697CA1C007D5DF7 /* Supporting Files */ = {
			isa = PBXGroup;
			children = (
				6149B6BE1697CA1C007D5DF7 /* ErrbitNotifier-Prefix.pch */,
			);
			name = "Supporting Files";
			sourceTree = "<group>";
		};
		6149B6C81697CA3D007D5DF7 /* gcalertview */ = {
			isa = PBXGroup;
			children = (
				6149B6C91697CA3D007D5DF7 /* GCAlertView.h */,
				6149B6CA1697CA3D007D5DF7 /* GCAlertView.m */,
			);
			path = gcalertview;
			sourceTree = "<group>";
		};
		6149B6CB1697CA3D007D5DF7 /* kissxml */ = {
			isa = PBXGroup;
			children = (
				6149B6CC1697CA3D007D5DF7 /* Additions */,
				6149B6CF1697CA3D007D5DF7 /* Categories */,
				6149B6D21697CA3D007D5DF7 /* DDXML.h */,
				6149B6D31697CA3D007D5DF7 /* DDXMLDocument.h */,
				6149B6D41697CA3D007D5DF7 /* DDXMLDocument.m */,
				6149B6D51697CA3D007D5DF7 /* DDXMLElement.h */,
				6149B6D61697CA3D007D5DF7 /* DDXMLElement.m */,
				6149B6D71697CA3D007D5DF7 /* DDXMLNode.h */,
				6149B6D81697CA3D007D5DF7 /* DDXMLNode.m */,
				6149B6D91697CA3D007D5DF7 /* Private */,
			);
			path = kissxml;
			sourceTree = "<group>";
		};
		6149B6CC1697CA3D007D5DF7 /* Additions */ = {
			isa = PBXGroup;
			children = (
				6149B6CD1697CA3D007D5DF7 /* DDXMLElementAdditions.h */,
				6149B6CE1697CA3D007D5DF7 /* DDXMLElementAdditions.m */,
			);
			path = Additions;
			sourceTree = "<group>";
		};
		6149B6CF1697CA3D007D5DF7 /* Categories */ = {
			isa = PBXGroup;
			children = (
				6149B6D01697CA3D007D5DF7 /* NSString+DDXML.h */,
				6149B6D11697CA3D007D5DF7 /* NSString+DDXML.m */,
			);
			path = Categories;
			sourceTree = "<group>";
		};
		6149B6D91697CA3D007D5DF7 /* Private */ = {
			isa = PBXGroup;
			children = (
				6149B6DA1697CA3D007D5DF7 /* DDXMLPrivate.h */,
			);
			path = Private;
			sourceTree = "<group>";
		};
		6149B6DB1697CA3D007D5DF7 /* notifier */ = {
			isa = PBXGroup;
			children = (
				6149B6DC1697CA3D007D5DF7 /* EBNotice.h */,
				6149B6DD1697CA3D007D5DF7 /* EBNotice.m */,
				6149B6DF1697CA3D007D5DF7 /* EBNotifier.h */,
				6149B6E01697CA3D007D5DF7 /* EBNotifier.m */,
				6149B6E11697CA3D007D5DF7 /* EBNotifierDelegate.h */,
				6149B6E21697CA3D007D5DF7 /* EBNotifierFunctions.h */,
				6149B6E31697CA3D007D5DF7 /* EBNotifierFunctions.m */,
			);
			path = notifier;
			sourceTree = "<group>";
		};
/* End PBXGroup section */

/* Begin PBXHeadersBuildPhase section */
		61BDFFD51697EB4A0021E4FC /* Headers */ = {
			isa = PBXHeadersBuildPhase;
			buildActionMask = 2147483647;
			files = (
				61BDFFD61697EB7F0021E4FC /* GCAlertView.h in Headers */,
				61BDFFD71697EB7F0021E4FC /* DDXMLElementAdditions.h in Headers */,
				61BDFFD81697EB7F0021E4FC /* NSString+DDXML.h in Headers */,
				61BDFFD91697EB7F0021E4FC /* DDXML.h in Headers */,
				61BDFFDA1697EB7F0021E4FC /* DDXMLDocument.h in Headers */,
				61BDFFDB1697EB7F0021E4FC /* DDXMLElement.h in Headers */,
				61BDFFDC1697EB7F0021E4FC /* DDXMLNode.h in Headers */,
				61BDFFDD1697EB7F0021E4FC /* EBNotice.h in Headers */,
				61BDFFDE1697EB7F0021E4FC /* EBNotifier.h in Headers */,
				61BDFFDF1697EB7F0021E4FC /* EBNotifierDelegate.h in Headers */,
				61BDFFE01697EB7F0021E4FC /* EBNotifierFunctions.h in Headers */,
				61BDFFE11697EB8C0021E4FC /* DDXMLPrivate.h in Headers */,
			);
			runOnlyForDeploymentPostprocessing = 0;
		};
/* End PBXHeadersBuildPhase section */

/* Begin PBXNativeTarget section */
		6149B6B61697CA1C007D5DF7 /* ErrbitNotifier */ = {
			isa = PBXNativeTarget;
			buildConfigurationList = 6149B6C51697CA1C007D5DF7 /* Build configuration list for PBXNativeTarget "ErrbitNotifier" */;
			buildPhases = (
				6149B6B31697CA1C007D5DF7 /* Sources */,
				6149B6B41697CA1C007D5DF7 /* Frameworks */,
				61BDFFD51697EB4A0021E4FC /* Headers */,
			);
			buildRules = (
			);
			dependencies = (
			);
			name = ErrbitNotifier;
			productName = ErrbitNotifier;
			productReference = 6149B6B71697CA1C007D5DF7 /* libErrbitNotifier.a */;
			productType = "com.apple.product-type.library.static";
		};
/* End PBXNativeTarget section */

/* Begin PBXProject section */
		6149B6AF1697CA1C007D5DF7 /* Project object */ = {
			isa = PBXProject;
			attributes = {
				LastUpgradeCheck = 0460;
				ORGANIZATIONNAME = "Richard Hancock";
			};
			buildConfigurationList = 6149B6B21697CA1C007D5DF7 /* Build configuration list for PBXProject "ErrbitNotifier" */;
			compatibilityVersion = "Xcode 3.2";
			developmentRegion = English;
			hasScannedForEncodings = 0;
			knownRegions = (
				en,
			);
			mainGroup = 6149B6AE1697CA1C007D5DF7;
			productRefGroup = 6149B6B81697CA1C007D5DF7 /* Products */;
			projectDirPath = "";
			projectRoot = "";
			targets = (
				6149B6B61697CA1C007D5DF7 /* ErrbitNotifier */,
			);
		};
/* End PBXProject section */

/* Begin PBXSourcesBuildPhase section */
		6149B6B31697CA1C007D5DF7 /* Sources */ = {
			isa = PBXSourcesBuildPhase;
			buildActionMask = 2147483647;
			files = (
				6149B6E41697CA3D007D5DF7 /* GCAlertView.m in Sources */,
				6149B6E51697CA3D007D5DF7 /* DDXMLElementAdditions.m in Sources */,
				6149B6E61697CA3D007D5DF7 /* NSString+DDXML.m in Sources */,
				6149B6E71697CA3D007D5DF7 /* DDXMLDocument.m in Sources */,
				6149B6E81697CA3D007D5DF7 /* DDXMLElement.m in Sources */,
				6149B6E91697CA3D007D5DF7 /* DDXMLNode.m in Sources */,
				6149B6EA1697CA3D007D5DF7 /* EBNotice.m in Sources */,
				6149B6EB1697CA3D007D5DF7 /* EBNotifier.m in Sources */,
				6149B6EC1697CA3D007D5DF7 /* EBNotifierFunctions.m in Sources */,
			);
			runOnlyForDeploymentPostprocessing = 0;
		};
/* End PBXSourcesBuildPhase section */

/* Begin XCBuildConfiguration section */
		6149B6C31697CA1C007D5DF7 /* Debug */ = {
			isa = XCBuildConfiguration;
			buildSettings = {
				ALWAYS_SEARCH_USER_PATHS = NO;
				CLANG_CXX_LANGUAGE_STANDARD = "gnu++0x";
				CLANG_CXX_LIBRARY = "libc++";
				CLANG_WARN_CONSTANT_CONVERSION = YES;
				CLANG_WARN_EMPTY_BODY = YES;
				CLANG_WARN_ENUM_CONVERSION = YES;
				CLANG_WARN_INT_CONVERSION = YES;
				CLANG_WARN__DUPLICATE_METHOD_MATCH = YES;
				COPY_PHASE_STRIP = NO;
				GCC_C_LANGUAGE_STANDARD = gnu99;
				GCC_DYNAMIC_NO_PIC = NO;
				GCC_OPTIMIZATION_LEVEL = 0;
				GCC_PREPROCESSOR_DEFINITIONS = (
					"DEBUG=1",
					"$(inherited)",
				);
				GCC_SYMBOLS_PRIVATE_EXTERN = NO;
				GCC_WARN_ABOUT_RETURN_TYPE = YES;
				GCC_WARN_UNINITIALIZED_AUTOS = YES;
				GCC_WARN_UNUSED_VARIABLE = YES;
				HEADER_SEARCH_PATHS = /usr/include/libxml2;
				IPHONEOS_DEPLOYMENT_TARGET = 6.0;
				ONLY_ACTIVE_ARCH = YES;
				SDKROOT = iphoneos;
			};
			name = Debug;
		};
		6149B6C41697CA1C007D5DF7 /* Release */ = {
			isa = XCBuildConfiguration;
			buildSettings = {
				ALWAYS_SEARCH_USER_PATHS = NO;
				CLANG_CXX_LANGUAGE_STANDARD = "gnu++0x";
				CLANG_CXX_LIBRARY = "libc++";
				CLANG_WARN_CONSTANT_CONVERSION = YES;
				CLANG_WARN_EMPTY_BODY = YES;
				CLANG_WARN_ENUM_CONVERSION = YES;
				CLANG_WARN_INT_CONVERSION = YES;
				CLANG_WARN__DUPLICATE_METHOD_MATCH = YES;
				COPY_PHASE_STRIP = YES;
				GCC_C_LANGUAGE_STANDARD = gnu99;
				GCC_WARN_ABOUT_RETURN_TYPE = YES;
				GCC_WARN_UNINITIALIZED_AUTOS = YES;
				GCC_WARN_UNUSED_VARIABLE = YES;
				HEADER_SEARCH_PATHS = /usr/include/libxml2;
				IPHONEOS_DEPLOYMENT_TARGET = 6.0;
				SDKROOT = iphoneos;
				VALIDATE_PRODUCT = YES;
			};
			name = Release;
		};
		6149B6C61697CA1C007D5DF7 /* Debug */ = {
			isa = XCBuildConfiguration;
			buildSettings = {
				CLANG_ENABLE_OBJC_ARC = YES;
				DSTROOT = /tmp/ErrbitNotifier.dst;
				GCC_PRECOMPILE_PREFIX_HEADER = YES;
				GCC_PREFIX_HEADER = "ErrbitNotifier/ErrbitNotifier-Prefix.pch";
				ONLY_ACTIVE_ARCH = NO;
				OTHER_LDFLAGS = (
					"-ObjC",
					"-all_load",
				);
				PRIVATE_HEADERS_FOLDER_PATH = ../../Headers/ErrbitNotifier/Private;
				PRODUCT_NAME = "$(TARGET_NAME)";
				PUBLIC_HEADERS_FOLDER_PATH = ../../Headers/ErrbitNotifier;
				SKIP_INSTALL = YES;
				SYMROOT = "$(SRCROOT)/Build/Products";
			};
			name = Debug;
		};
		6149B6C71697CA1C007D5DF7 /* Release */ = {
			isa = XCBuildConfiguration;
			buildSettings = {
				CLANG_ENABLE_OBJC_ARC = YES;
				DSTROOT = /tmp/ErrbitNotifier.dst;
				GCC_PRECOMPILE_PREFIX_HEADER = YES;
				GCC_PREFIX_HEADER = "ErrbitNotifier/ErrbitNotifier-Prefix.pch";
				OTHER_LDFLAGS = (
					"-ObjC",
					"-all_load",
				);
				PRIVATE_HEADERS_FOLDER_PATH = ../../Headers/ErrbitNotifier/Private;
				PRODUCT_NAME = "$(TARGET_NAME)";
				PUBLIC_HEADERS_FOLDER_PATH = ../../Headers/ErrbitNotifier;
				SKIP_INSTALL = YES;
				SYMROOT = "$(SRCROOT)/Build/Products";
			};
			name = Release;
		};
/* End XCBuildConfiguration section */

/* Begin XCConfigurationList section */
		6149B6B21697CA1C007D5DF7 /* Build configuration list for PBXProject "ErrbitNotifier" */ = {
			isa = XCConfigurationList;
			buildConfigurations = (
				6149B6C31697CA1C007D5DF7 /* Debug */,
				6149B6C41697CA1C007D5DF7 /* Release */,
			);
			defaultConfigurationIsVisible = 0;
			defaultConfigurationName = Release;
		};
		6149B6C51697CA1C007D5DF7 /* Build configuration list for PBXNativeTarget "ErrbitNotifier" */ = {
			isa = XCConfigurationList;
			buildConfigurations = (
				6149B6C61697CA1C007D5DF7 /* Debug */,
				6149B6C71697CA1C007D5DF7 /* Release */,
			);
			defaultConfigurationIsVisible = 0;
			defaultConfigurationName = Release;
		};
/* End XCConfigurationList section */
	};
	rootObject = 6149B6AF1697CA1C007D5DF7 /* Project object */;
}
